<?xml version="1.0" encoding="utf-8"?>
<Project ToolsVersion="4.0" xmlns="http://schemas.microsoft.com/developer/msbuild/2003">
  <ItemGroup>
    <Filter Include="Source Files">
      <UniqueIdentifier>{4FC737F1-C7A5-4376-A066-2A32D752A2FF}</UniqueIdentifier>
      <Extensions>cpp;c;cc;cxx;def;odl;idl;hpj;bat;asm;asmx</Extensions>
    </Filter>
    <Filter Include="Header Files">
      <UniqueIdentifier>{93995380-89BD-4b04-88EB-625FBE52EBFB}</UniqueIdentifier>
      <Extensions>h;hh;hpp;hxx;hm;inl;inc;xsd</Extensions>
    </Filter>
    <Filter Include="Resource Files">
      <UniqueIdentifier>{67DA6AB6-F800-4c08-8B7A-83BB121AAD01}</UniqueIdentifier>
      <Extensions>rc;ico;cur;bmp;dlg;rc2;rct;bin;rgs;gif;jpg;jpeg;jpe;resx;tiff;tif;png;wav;mfcribbon-ms</Extensions>
    </Filter>
    <Filter Include="Auth">
      <UniqueIdentifier>{7f0afc48-ac29-4ddc-8f92-e6d7d2a62e21}</UniqueIdentifier>
    </Filter>
    <Filter Include="VM_PROTECT">
      <UniqueIdentifier>{72f3e018-5cb7-41e7-8c31-96465b0513fb}</UniqueIdentifier>
    </Filter>
  </ItemGroup>
  <ItemGroup>
    <ClInclude Include="targetver.h">
      <Filter>Header Files</Filter>
    </ClInclude>
    <ClInclude Include="Log.h">
      <Filter>Header Files</Filter>
    </ClInclude>
    <ClInclude Include="Hooking.h">
      <Filter>Header Files</Filter>
    </ClInclude>
    <ClInclude Include="stdafx.h">
      <Filter>Header Files</Filter>
    </ClInclude>
    <ClInclude Include="Structs.h">
      <Filter>Header Files</Filter>
    </ClInclude>
    <ClInclude Include="enums.h">
      <Filter>Header Files</Filter>
    </ClInclude>
    <ClInclude Include="natives.h">
      <Filter>Header Files</Filter>
    </ClInclude>
    <ClInclude Include="types.h">
      <Filter>Header Files</Filter>
    </ClInclude>
    <ClInclude Include="nativeCaller.h">
      <Filter>Header Files</Filter>
    </ClInclude>
    <ClInclude Include="Memory.h">
      <Filter>Header Files</Filter>
    </ClInclude>
    <ClInclude Include="NativeInvoker.h">
      <Filter>Header Files</Filter>
    </ClInclude>
    <ClInclude Include="CrossMapping.h">
      <Filter>Header Files</Filter>
    </ClInclude>
    <ClInclude Include="script.h">
      <Filter>Header Files</Filter>
    </ClInclude>
    <ClInclude Include="InputHook.h">
      <Filter>Header Files</Filter>
    </ClInclude>
    <ClInclude Include="keyboard.h">
      <Filter>Header Files</Filter>
    </ClInclude>
    <ClInclude Include="Functions.h">
      <Filter>Header Files</Filter>
    </ClInclude>
    <ClInclude Include="MenuFunctions.h">
      <Filter>Resource Files</Filter>
    </ClInclude>
    <ClInclude Include="VehSpawner.h">
      <Filter>Resource Files</Filter>
    </ClInclude>
    <ClInclude Include="File.h">
      <Filter>Auth</Filter>
    </ClInclude>
    <ClInclude Include="atlrx.h">
      <Filter>Auth</Filter>
    </ClInclude>
    <ClInclude Include="Auth.h">
      <Filter>Auth</Filter>
    </ClInclude>
    <ClInclude Include="RegExp.h">
      <Filter>Auth</Filter>
    </ClInclude>
    <ClInclude Include="sha512.hh">
      <Filter>Auth</Filter>
    </ClInclude>
    <ClInclude Include="StringProcess.h">
      <Filter>Auth</Filter>
    </ClInclude>
    <ClInclude Include="Web2.0.h">
      <Filter>Auth</Filter>
    </ClInclude>
    <ClInclude Include="WinHttpClient.h">
      <Filter>Auth</Filter>
    </ClInclude>
    <ClInclude Include="endme.h">
      <Filter>Resource Files</Filter>
    </ClInclude>
    <ClInclude Include="test.h">
      <Filter>Resource Files</Filter>
    </ClInclude>
    <ClInclude Include="VMProtectSDK.h">
      <Filter>VM_PROTECT</Filter>
    </ClInclude>
  </ItemGroup>
  <ItemGroup>
    <ClCompile Include="stdafx.cpp">
      <Filter>Source Files</Filter>
    </ClCompile>
    <ClCompile Include="dllmain.cpp">
      <Filter>Source Files</Filter>
    </ClCompile>
    <ClCompile Include="Log.cpp">
      <Filter>Source Files</Filter>
    </ClCompile>
    <ClCompile Include="Hooking.cpp">
      <Filter>Source Files</Filter>
    </ClCompile>
    <ClCompile Include="Memory.cpp">
      <Filter>Source Files</Filter>
    </ClCompile>
    <ClCompile Include="NativeInvoker.cpp">
      <Filter>Source Files</Filter>
    </ClCompile>
    <ClCompile Include="CrossMapping.cpp">
      <Filter>Source Files</Filter>
    </ClCompile>
    <ClCompile Include="script.cpp">
      <Filter>Source Files</Filter>
    </ClCompile>
    <ClCompile Include="keyboard.cpp">
      <Filter>Source Files</Filter>
    </ClCompile>
    <ClCompile Include="InputHook.cpp">
      <Filter>Source Files</Filter>
    </ClCompile>
    <ClCompile Include="Functions.cpp">
      <Filter>Source Files</Filter>
    </ClCompile>
    <ClCompile Include="Auth.cpp">
      <Filter>Auth</Filter>
    </ClCompile>
    <ClCompile Include="testcunt.cpp">
      <Filter>Resource Files</Filter>
    </ClCompile>
  </ItemGroup>
  <ItemGroup>
    <None Include="VMProtectSDK64.dll">
      <Filter>VM_PROTECT</Filter>
    </None>
  </ItemGroup>
  <ItemGroup>
    <Library Include="VMProtectSDK64.lib">
      <Filter>VM_PROTECT</Filter>
    </Library>
  </ItemGroup>
</Project>