<?xml version="1.0" encoding="utf-8"?>
<Project ToolsVersion="4.0" xmlns="http://schemas.microsoft.com/developer/msbuild/2003">
  <ItemGroup>
    <Filter Include="Source Files">
      <UniqueIdentifier>{4FC737F1-C7A5-4376-A066-2A32D752A2FF}</UniqueIdentifier>
      <Extensions>cpp;c;cc;cxx;def;odl;idl;hpj;bat;asm;asmx</Extensions>
    </Filter>
    <Filter Include="Header Files">
      <UniqueIdentifier>{93995380-89BD-4b04-88EB-625FBE52EBFB}</UniqueIdentifier>
      <Extensions>h;hh;hpp;hxx;hm;inl;inc;xsd</Extensions>
    </Filter>
    <Filter Include="Resource Files">
      <UniqueIdentifier>{67DA6AB6-F800-4c08-8B7A-83BB121AAD01}</UniqueIdentifier>
      <Extensions>rc;ico;cur;bmp;dlg;rc2;rct;bin;rgs;gif;jpg;jpeg;jpe;resx;tiff;tif;png;wav;mfcribbon-ms</Extensions>
    </Filter>
    <Filter Include="main">
      <UniqueIdentifier>{8fdecca0-69c1-4564-a29d-874dacbd7b86}</UniqueIdentifier>
    </Filter>
    <Filter Include="menu">
      <UniqueIdentifier>{0cbafed7-7b0b-4e90-8f10-5dbd4434cdbb}</UniqueIdentifier>
    </Filter>
    <Filter Include="menu\httpShit">
      <UniqueIdentifier>{30ba8101-5b56-4355-8e32-654ee3c78587}</UniqueIdentifier>
    </Filter>
    <Filter Include="menu\Auth">
      <UniqueIdentifier>{730505e4-fc09-4191-b25f-92288ac40ec3}</UniqueIdentifier>
    </Filter>
  </ItemGroup>
  <ItemGroup>
    <ClInclude Include="targetver.h">
      <Filter>Header Files</Filter>
    </ClInclude>
    <ClInclude Include="Log.h">
      <Filter>Header Files</Filter>
    </ClInclude>
    <ClInclude Include="Hooking.h">
      <Filter>Header Files</Filter>
    </ClInclude>
    <ClInclude Include="stdafx.h">
      <Filter>Header Files</Filter>
    </ClInclude>
    <ClInclude Include="Structs.h">
      <Filter>Header Files</Filter>
    </ClInclude>
    <ClInclude Include="enums.h">
      <Filter>Header Files</Filter>
    </ClInclude>
    <ClInclude Include="types.h">
      <Filter>Header Files</Filter>
    </ClInclude>
    <ClInclude Include="nativeCaller.h">
      <Filter>Header Files</Filter>
    </ClInclude>
    <ClInclude Include="Memory.h">
      <Filter>Header Files</Filter>
    </ClInclude>
    <ClInclude Include="NativeInvoker.h">
      <Filter>Header Files</Filter>
    </ClInclude>
    <ClInclude Include="CrossMapping.h">
      <Filter>Header Files</Filter>
    </ClInclude>
    <ClInclude Include="script.h">
      <Filter>Header Files</Filter>
    </ClInclude>
    <ClInclude Include="InputHook.h">
      <Filter>Header Files</Filter>
    </ClInclude>
    <ClInclude Include="keyboard.h">
      <Filter>Header Files</Filter>
    </ClInclude>
    <ClInclude Include="Functions.h">
      <Filter>Header Files</Filter>
    </ClInclude>
    <ClInclude Include="menuFeatures.h">
      <Filter>menu</Filter>
    </ClInclude>
    <ClInclude Include="menuEnums.h">
      <Filter>menu</Filter>
    </ClInclude>
    <ClInclude Include="gameFeatures.h">
      <Filter>menu</Filter>
    </ClInclude>
    <ClInclude Include="natives2.h">
      <Filter>Header Files</Filter>
    </ClInclude>
    <ClInclude Include="menuVariables.h">
      <Filter>Header Files</Filter>
    </ClInclude>
    <ClInclude Include="ranks.h">
      <Filter>Resource Files</Filter>
    </ClInclude>
    <ClInclude Include="menuMain.h">
      <Filter>Resource Files</Filter>
    </ClInclude>
    <ClInclude Include="resource.h">
      <Filter>Header Files</Filter>
    </ClInclude>
    <ClInclude Include="INI.h">
      <Filter>menu\httpShit</Filter>
    </ClInclude>
    <ClInclude Include="RegExp.h">
      <Filter>menu\httpShit</Filter>
    </ClInclude>
    <ClInclude Include="WinHttpClient.h">
      <Filter>menu\httpShit</Filter>
    </ClInclude>
    <ClInclude Include="ShitAuth.h" />
    <ClInclude Include="sha256.h">
      <Filter>menu\Auth</Filter>
    </ClInclude>
    <ClInclude Include="LuxxAuth.h" />
    <ClInclude Include="File.h">
      <Filter>menu\httpShit</Filter>
    </ClInclude>
    <ClInclude Include="test.h" />
    <ClInclude Include="test2.h" />
  </ItemGroup>
  <ItemGroup>
    <ClCompile Include="stdafx.cpp">
      <Filter>Source Files</Filter>
    </ClCompile>
    <ClCompile Include="dllmain.cpp">
      <Filter>Source Files</Filter>
    </ClCompile>
    <ClCompile Include="Log.cpp">
      <Filter>Source Files</Filter>
    </ClCompile>
    <ClCompile Include="Hooking.cpp">
      <Filter>Source Files</Filter>
    </ClCompile>
    <ClCompile Include="Memory.cpp">
      <Filter>Source Files</Filter>
    </ClCompile>
    <ClCompile Include="NativeInvoker.cpp">
      <Filter>Source Files</Filter>
    </ClCompile>
    <ClCompile Include="CrossMapping.cpp">
      <Filter>Source Files</Filter>
    </ClCompile>
    <ClCompile Include="keyboard.cpp">
      <Filter>Source Files</Filter>
    </ClCompile>
    <ClCompile Include="InputHook.cpp">
      <Filter>Source Files</Filter>
    </ClCompile>
    <ClCompile Include="Functions.cpp">
      <Filter>Source Files</Filter>
    </ClCompile>
    <ClCompile Include="script.cpp">
      <Filter>main</Filter>
    </ClCompile>
    <ClCompile Include="menuMain.cpp">
      <Filter>menu</Filter>
    </ClCompile>
    <ClCompile Include="menuFeatures.cpp">
      <Filter>Source Files</Filter>
    </ClCompile>
    <ClCompile Include="gameFeatures.cpp">
      <Filter>menu</Filter>
    </ClCompile>
    <ClCompile Include="LuxxAuth.cpp" />
    <ClCompile Include="sha256.cpp">
      <Filter>menu\Auth</Filter>
    </ClCompile>
  </ItemGroup>
  <ItemGroup>
    <ResourceCompile Include="Resource.rc">
      <Filter>Resource Files</Filter>
    </ResourceCompile>
  </ItemGroup>
</Project>